
Microsoft Visual Studio Solution File, Format Version 12.00
# Visual Studio Version 16
VisualStudioVersion = 16.0.29709.97
MinimumVisualStudioVersion = 10.0.40219.1
Project("{FAE04EC0-301F-11D3-BF4B-00C04F79EFBC}") = "CheckOutSystemTest", "CheckOutSystemTest.csproj", "{0ED9E1DB-0AC8-42FD-B81C-9B45B1101876}"
EndProject
Global
	GlobalSection(SolutionConfigurationPlatforms) = preSolution
		Debug|Any CPU = Debug|Any CPU
		Release|Any CPU = Release|Any CPU
	EndGlobalSection
	GlobalSection(ProjectConfigurationPlatforms) = postSolution
		{0ED9E1DB-0AC8-42FD-B81C-9B45B1101876}.Debug|Any CPU.ActiveCfg = Debug|Any CPU
		{0ED9E1DB-0AC8-42FD-B81C-9B45B1101876}.Debug|Any CPU.Build.0 = Debug|Any CPU
		{0ED9E1DB-0AC8-42FD-B81C-9B45B1101876}.Release|Any CPU.ActiveCfg = Release|Any CPU
		{0ED9E1DB-0AC8-42FD-B81C-9B45B1101876}.Release|Any CPU.Build.0 = Release|Any CPU
	EndGlobalSection
	GlobalSection(SolutionProperties) = preSolution
		HideSolutionNode = FALSE
	EndGlobalSection
	GlobalSection(ExtensibilityGlobals) = postSolution
		SolutionGuid = {8F4E6AEC-5185-41F2-923E-B3056B014EDC}
	EndGlobalSection
EndGlobal
